
Microsoft Visual Studio Solution File, Format Version 12.00
# Visual Studio Version 17
VisualStudioVersion = 17.4.33205.214
MinimumVisualStudioVersion = 10.0.40219.1
Project("{FAE04EC0-301F-11D3-BF4B-00C04F79EFBC}") = "Foodea", "Foodea\Foodea.csproj", "{EBD1BC2D-FF45-4076-B5F5-E05888CEAA4F}"
EndProject
Global
	GlobalSection(SolutionConfigurationPlatforms) = preSolution
		Debug|Any CPU = Debug|Any CPU
		Release|Any CPU = Release|Any CPU
	EndGlobalSection
	GlobalSection(ProjectConfigurationPlatforms) = postSolution
		{EBD1BC2D-FF45-4076-B5F5-E05888CEAA4F}.Debug|Any CPU.ActiveCfg = Debug|Any CPU
		{EBD1BC2D-FF45-4076-B5F5-E05888CEAA4F}.Debug|Any CPU.Build.0 = Debug|Any CPU
		{EBD1BC2D-FF45-4076-B5F5-E05888CEAA4F}.Release|Any CPU.ActiveCfg = Release|Any CPU
		{EBD1BC2D-FF45-4076-B5F5-E05888CEAA4F}.Release|Any CPU.Build.0 = Release|Any CPU
	EndGlobalSection
	GlobalSection(SolutionProperties) = preSolution
		HideSolutionNode = FALSE
	EndGlobalSection
	GlobalSection(ExtensibilityGlobals) = postSolution
		SolutionGuid = {C311D30A-4BE1-447D-913F-A2B9FA86DFBA}
	EndGlobalSection
EndGlobal
